
Microsoft Visual Studio Solution File, Format Version 12.00
# Visual Studio Version 17
VisualStudioVersion = 17.4.33403.182
MinimumVisualStudioVersion = 10.0.40219.1
Project("{FAE04EC0-301F-11D3-BF4B-00C04F79EFBC}") = "BusStation", "BusStation\BusStation.csproj", "{6359A412-6CB7-481C-8A63-A815F11A982C}"
EndProject
Global
	GlobalSection(SolutionConfigurationPlatforms) = preSolution
		Debug|Any CPU = Debug|Any CPU
		Release|Any CPU = Release|Any CPU
	EndGlobalSection
	GlobalSection(ProjectConfigurationPlatforms) = postSolution
		{6359A412-6CB7-481C-8A63-A815F11A982C}.Debug|Any CPU.ActiveCfg = Debug|Any CPU
		{6359A412-6CB7-481C-8A63-A815F11A982C}.Debug|Any CPU.Build.0 = Debug|Any CPU
		{6359A412-6CB7-481C-8A63-A815F11A982C}.Release|Any CPU.ActiveCfg = Release|Any CPU
		{6359A412-6CB7-481C-8A63-A815F11A982C}.Release|Any CPU.Build.0 = Release|Any CPU
	EndGlobalSection
	GlobalSection(SolutionProperties) = preSolution
		HideSolutionNode = FALSE
	EndGlobalSection
	GlobalSection(ExtensibilityGlobals) = postSolution
		SolutionGuid = {4A960372-A39A-45C2-922F-EE27FB36AEE1}
	EndGlobalSection
EndGlobal
